// !$*UTF8*$!
{
	archiveVersion = 1;
	classes = {
	};
	objectVersion = 46;
	objects = {

/* Begin PBXFileReference section */
		E9356B2213E1B340002B3EDF /* adc.h */ = {isa = PBXFileReference; fileEncoding = 4; lastKnownFileType = sourcecode.c.h; path = adc.h; sourceTree = "<group>"; };
		E9356B2313E1B340002B3EDF /* cam.h */ = {isa = PBXFileReference; fileEncoding = 4; lastKnownFileType = sourcecode.c.h; path = cam.h; sourceTree = "<group>"; };
		E9356B2413E1B340002B3EDF /* misc.h */ = {isa = PBXFileReference; fileEncoding = 4; lastKnownFileType = sourcecode.c.h; path = misc.h; sourceTree = "<group>"; };
		E9356B2513E1B340002B3EDF /* motor.h */ = {isa = PBXFileReference; fileEncoding = 4; lastKnownFileType = sourcecode.c.h; path = motor.h; sourceTree = "<group>"; };
		E9356B2613E1B340002B3EDF /* serial.h */ = {isa = PBXFileReference; fileEncoding = 4; lastKnownFileType = sourcecode.c.h; path = serial.h; sourceTree = "<group>"; };
		E9356B2713E1B340002B3EDF /* twi.h */ = {isa = PBXFileReference; fileEncoding = 4; lastKnownFileType = sourcecode.c.h; path = twi.h; sourceTree = "<group>"; };
		E9356B2913E1B340002B3EDF /* adc.c */ = {isa = PBXFileReference; fileEncoding = 4; lastKnownFileType = sourcecode.c.c; path = adc.c; sourceTree = "<group>"; };
		E9356B2A13E1B340002B3EDF /* cam.c */ = {isa = PBXFileReference; fileEncoding = 4; lastKnownFileType = sourcecode.c.c; path = cam.c; sourceTree = "<group>"; };
		E9356B2B13E1B340002B3EDF /* misc.c */ = {isa = PBXFileReference; fileEncoding = 4; lastKnownFileType = sourcecode.c.c; path = misc.c; sourceTree = "<group>"; };
		E9356B2C13E1B340002B3EDF /* motor.c */ = {isa = PBXFileReference; fileEncoding = 4; lastKnownFileType = sourcecode.c.c; path = motor.c; sourceTree = "<group>"; };
		E9356B2D13E1B340002B3EDF /* serial.c */ = {isa = PBXFileReference; fileEncoding = 4; lastKnownFileType = sourcecode.c.c; path = serial.c; sourceTree = "<group>"; };
		E9356B2E13E1B340002B3EDF /* twi.c */ = {isa = PBXFileReference; fileEncoding = 4; lastKnownFileType = sourcecode.c.c; path = twi.c; sourceTree = "<group>"; };
		E9356B2F13E1B340002B3EDF /* main.c */ = {isa = PBXFileReference; fileEncoding = 4; lastKnownFileType = sourcecode.c.c; path = main.c; sourceTree = "<group>"; };
		E9356B3013E1B352002B3EDF /* snippets.c */ = {isa = PBXFileReference; fileEncoding = 4; lastKnownFileType = sourcecode.c.c; path = snippets.c; sourceTree = "<group>"; };
		E9356B3113E1B359002B3EDF /* makefile */ = {isa = PBXFileReference; fileEncoding = 4; lastKnownFileType = sourcecode.make; path = makefile; sourceTree = "<group>"; };
/* End PBXFileReference section */

/* Begin PBXGroup section */
		E9356B2113E1B340002B3EDF /* include */ = {
			isa = PBXGroup;
			children = (
				E9356B2213E1B340002B3EDF /* adc.h */,
				E9356B2313E1B340002B3EDF /* cam.h */,
				E9356B2413E1B340002B3EDF /* misc.h */,
				E9356B2513E1B340002B3EDF /* motor.h */,
				E9356B2613E1B340002B3EDF /* serial.h */,
				E9356B2713E1B340002B3EDF /* twi.h */,
			);
			path = include;
			sourceTree = "<group>";
		};
		E9356B2813E1B340002B3EDF /* lib */ = {
			isa = PBXGroup;
			children = (
				E9356B2913E1B340002B3EDF /* adc.c */,
				E9356B2A13E1B340002B3EDF /* cam.c */,
				E9356B2B13E1B340002B3EDF /* misc.c */,
				E9356B2C13E1B340002B3EDF /* motor.c */,
				E9356B2D13E1B340002B3EDF /* serial.c */,
				E9356B2E13E1B340002B3EDF /* twi.c */,
			);
			path = lib;
			sourceTree = "<group>";
		};
		E97172D413D74411007D387B = {
			isa = PBXGroup;
			children = (
				E9356B3113E1B359002B3EDF /* makefile */,
				E9356B3013E1B352002B3EDF /* snippets.c */,
				E9356B2113E1B340002B3EDF /* include */,
				E9356B2813E1B340002B3EDF /* lib */,
				E9356B2F13E1B340002B3EDF /* main.c */,
			);
			sourceTree = "<group>";
		};
/* End PBXGroup section */

/* Begin PBXLegacyTarget section */
		E97172E413D745D4007D387B /* makefile */ = {
			isa = PBXLegacyTarget;
			buildArgumentsString = "$(ACTION)";
			buildConfigurationList = E97172E913D745E6007D387B /* Build configuration list for PBXLegacyTarget "makefile" */;
			buildPhases = (
			);
			buildToolPath = "/usr/local/CrossPack-AVR/bin/make";
			buildWorkingDirectory = /Users/thomas/Projekte/xyRobot;
			dependencies = (
			);
			name = makefile;
			passBuildSettingsInEnvironment = 1;
			productName = makefile;
		};
/* End PBXLegacyTarget section */

/* Begin PBXProject section */
		E97172D613D74411007D387B /* Project object */ = {
			isa = PBXProject;
			attributes = {
				LastUpgradeCheck = 0410;
			};
			buildConfigurationList = E97172D913D74411007D387B /* Build configuration list for PBXProject "Robot" */;
			compatibilityVersion = "Xcode 3.2";
			developmentRegion = English;
			hasScannedForEncodings = 0;
			knownRegions = (
				English,
				Japanese,
				French,
				German,
			);
			mainGroup = E97172D413D74411007D387B;
			projectDirPath = "";
			projectRoot = "";
			targets = (
				E97172E413D745D4007D387B /* makefile */,
			);
		};
/* End PBXProject section */

/* Begin XCBuildConfiguration section */
		E97172D713D74411007D387B /* Debug */ = {
			isa = XCBuildConfiguration;
			buildSettings = {
				COPY_PHASE_STRIP = NO;
			};
			name = Debug;
		};
		E97172D813D74411007D387B /* Release */ = {
			isa = XCBuildConfiguration;
			buildSettings = {
				COPY_PHASE_STRIP = YES;
			};
			name = Release;
		};
		E97172E513D745D5007D387B /* Debug */ = {
			isa = XCBuildConfiguration;
			buildSettings = {
				COPY_PHASE_STRIP = NO;
				GCC_DYNAMIC_NO_PIC = NO;
				GCC_OPTIMIZATION_LEVEL = 0;
				PRODUCT_NAME = makefile;
			};
			name = Debug;
		};
		E97172E613D745D5007D387B /* Release */ = {
			isa = XCBuildConfiguration;
			buildSettings = {
				COPY_PHASE_STRIP = YES;
				DEBUG_INFORMATION_FORMAT = "dwarf-with-dsym";
				PRODUCT_NAME = makefile;
				ZERO_LINK = NO;
			};
			name = Release;
		};
/* End XCBuildConfiguration section */

/* Begin XCConfigurationList section */
		E97172D913D74411007D387B /* Build configuration list for PBXProject "Robot" */ = {
			isa = XCConfigurationList;
			buildConfigurations = (
				E97172D713D74411007D387B /* Debug */,
				E97172D813D74411007D387B /* Release */,
			);
			defaultConfigurationIsVisible = 0;
			defaultConfigurationName = Debug;
		};
		E97172E913D745E6007D387B /* Build configuration list for PBXLegacyTarget "makefile" */ = {
			isa = XCConfigurationList;
			buildConfigurations = (
				E97172E513D745D5007D387B /* Debug */,
				E97172E613D745D5007D387B /* Release */,
			);
			defaultConfigurationIsVisible = 0;
			defaultConfigurationName = Debug;
		};
/* End XCConfigurationList section */
	};
	rootObject = E97172D613D74411007D387B /* Project object */;
}
